
Microsoft Visual Studio Solution File, Format Version 12.00
# Visual Studio Version 16
VisualStudioVersion = 16.0.30204.135
MinimumVisualStudioVersion = 10.0.40219.1
Project("{9A19103F-16F7-4668-BE54-9A1E7A4F7556}") = "MarineLang", "MarineLang\MarineLang.csproj", "{D4CB547A-746E-4704-970E-30C677235337}"
EndProject
Project("{9A19103F-16F7-4668-BE54-9A1E7A4F7556}") = "Example", "Example\Example.csproj", "{ADF7F10F-F253-4628-B1CC-549FA4BA1FA7}"
EndProject
Project("{9A19103F-16F7-4668-BE54-9A1E7A4F7556}") = "MarineLangUnitTest", "MarineLangUnitTest\MarineLangUnitTest.csproj", "{7B738B83-A76D-4DA2-82CA-3E8A1F9680AD}"
EndProject
Project("{9A19103F-16F7-4668-BE54-9A1E7A4F7556}") = "MineUtil", "MineUtil\MineUtil\MineUtil.csproj", "{7F938B1F-6B3E-4F7D-8BF9-D7159515E39D}"
EndProject
Project("{FAE04EC0-301F-11D3-BF4B-00C04F79EFBC}") = "MarineLang.CodeAnalysis", "MarineLang.CodeAnalysis\MarineLang.CodeAnalysis.csproj", "{4698B684-92AE-41A0-83AE-89C4598D9A1E}"
EndProject
Project("{FAE04EC0-301F-11D3-BF4B-00C04F79EFBC}") = "MarineLang.CodeDom", "MarineLang.CodeDom\MarineLang.CodeDom.csproj", "{E51F36F6-D185-45C5-ABB3-52FA0F809FA0}"
EndProject
Global
	GlobalSection(SolutionConfigurationPlatforms) = preSolution
		Debug|Any CPU = Debug|Any CPU
		Release|Any CPU = Release|Any CPU
	EndGlobalSection
	GlobalSection(ProjectConfigurationPlatforms) = postSolution
		{D4CB547A-746E-4704-970E-30C677235337}.Debug|Any CPU.ActiveCfg = Debug|Any CPU
		{D4CB547A-746E-4704-970E-30C677235337}.Debug|Any CPU.Build.0 = Debug|Any CPU
		{D4CB547A-746E-4704-970E-30C677235337}.Release|Any CPU.ActiveCfg = Release|Any CPU
		{D4CB547A-746E-4704-970E-30C677235337}.Release|Any CPU.Build.0 = Release|Any CPU
		{ADF7F10F-F253-4628-B1CC-549FA4BA1FA7}.Debug|Any CPU.ActiveCfg = Debug|Any CPU
		{ADF7F10F-F253-4628-B1CC-549FA4BA1FA7}.Debug|Any CPU.Build.0 = Debug|Any CPU
		{ADF7F10F-F253-4628-B1CC-549FA4BA1FA7}.Release|Any CPU.ActiveCfg = Release|Any CPU
		{ADF7F10F-F253-4628-B1CC-549FA4BA1FA7}.Release|Any CPU.Build.0 = Release|Any CPU
		{7B738B83-A76D-4DA2-82CA-3E8A1F9680AD}.Debug|Any CPU.ActiveCfg = Debug|Any CPU
		{7B738B83-A76D-4DA2-82CA-3E8A1F9680AD}.Debug|Any CPU.Build.0 = Debug|Any CPU
		{7B738B83-A76D-4DA2-82CA-3E8A1F9680AD}.Release|Any CPU.ActiveCfg = Release|Any CPU
		{7B738B83-A76D-4DA2-82CA-3E8A1F9680AD}.Release|Any CPU.Build.0 = Release|Any CPU
		{7F938B1F-6B3E-4F7D-8BF9-D7159515E39D}.Debug|Any CPU.ActiveCfg = Debug|Any CPU
		{7F938B1F-6B3E-4F7D-8BF9-D7159515E39D}.Debug|Any CPU.Build.0 = Debug|Any CPU
		{7F938B1F-6B3E-4F7D-8BF9-D7159515E39D}.Release|Any CPU.ActiveCfg = Release|Any CPU
		{7F938B1F-6B3E-4F7D-8BF9-D7159515E39D}.Release|Any CPU.Build.0 = Release|Any CPU
		{4698B684-92AE-41A0-83AE-89C4598D9A1E}.Debug|Any CPU.ActiveCfg = Debug|Any CPU
		{4698B684-92AE-41A0-83AE-89C4598D9A1E}.Debug|Any CPU.Build.0 = Debug|Any CPU
		{4698B684-92AE-41A0-83AE-89C4598D9A1E}.Release|Any CPU.ActiveCfg = Release|Any CPU
		{4698B684-92AE-41A0-83AE-89C4598D9A1E}.Release|Any CPU.Build.0 = Release|Any CPU
		{E51F36F6-D185-45C5-ABB3-52FA0F809FA0}.Debug|Any CPU.ActiveCfg = Debug|Any CPU
		{E51F36F6-D185-45C5-ABB3-52FA0F809FA0}.Debug|Any CPU.Build.0 = Debug|Any CPU
		{E51F36F6-D185-45C5-ABB3-52FA0F809FA0}.Release|Any CPU.ActiveCfg = Release|Any CPU
		{E51F36F6-D185-45C5-ABB3-52FA0F809FA0}.Release|Any CPU.Build.0 = Release|Any CPU
	EndGlobalSection
	GlobalSection(SolutionProperties) = preSolution
		HideSolutionNode = FALSE
	EndGlobalSection
	GlobalSection(ExtensibilityGlobals) = postSolution
		SolutionGuid = {059E2981-F740-42C5-BB63-A6CBB0EE8247}
	EndGlobalSection
EndGlobal
