
Microsoft Visual Studio Solution File, Format Version 12.00
# Visual Studio Version 16
VisualStudioVersion = 16.0.30204.135
MinimumVisualStudioVersion = 10.0.40219.1
Project("{FAE04EC0-301F-11D3-BF4B-00C04F79EFBC}") = "MarineLang", "MarineLang\MarineLang.csproj", "{D4CB547A-746E-4704-970E-30C677235337}"
EndProject
Project("{FAE04EC0-301F-11D3-BF4B-00C04F79EFBC}") = "Example", "Example\Example.csproj", "{ADF7F10F-F253-4628-B1CC-549FA4BA1FA7}"
EndProject
Global
	GlobalSection(SolutionConfigurationPlatforms) = preSolution
		Debug|Any CPU = Debug|Any CPU
		Release|Any CPU = Release|Any CPU
	EndGlobalSection
	GlobalSection(ProjectConfigurationPlatforms) = postSolution
		{D4CB547A-746E-4704-970E-30C677235337}.Debug|Any CPU.ActiveCfg = Debug|Any CPU
		{D4CB547A-746E-4704-970E-30C677235337}.Debug|Any CPU.Build.0 = Debug|Any CPU
		{D4CB547A-746E-4704-970E-30C677235337}.Release|Any CPU.ActiveCfg = Release|Any CPU
		{D4CB547A-746E-4704-970E-30C677235337}.Release|Any CPU.Build.0 = Release|Any CPU
		{ADF7F10F-F253-4628-B1CC-549FA4BA1FA7}.Debug|Any CPU.ActiveCfg = Debug|Any CPU
		{ADF7F10F-F253-4628-B1CC-549FA4BA1FA7}.Debug|Any CPU.Build.0 = Debug|Any CPU
		{ADF7F10F-F253-4628-B1CC-549FA4BA1FA7}.Release|Any CPU.ActiveCfg = Release|Any CPU
		{ADF7F10F-F253-4628-B1CC-549FA4BA1FA7}.Release|Any CPU.Build.0 = Release|Any CPU
	EndGlobalSection
	GlobalSection(SolutionProperties) = preSolution
		HideSolutionNode = FALSE
	EndGlobalSection
	GlobalSection(ExtensibilityGlobals) = postSolution
		SolutionGuid = {059E2981-F740-42C5-BB63-A6CBB0EE8247}
	EndGlobalSection
EndGlobal
